
Microsoft Visual Studio Solution File, Format Version 12.00
# Visual Studio 15
VisualStudioVersion = 15.0.28307.852
MinimumVisualStudioVersion = 10.0.40219.1
Project("{FAE04EC0-301F-11D3-BF4B-00C04F79EFBC}") = "StreamWriterDemo", "StreamWriterDemo\StreamWriterDemo.csproj", "{89C5F1ED-3770-4D36-8119-DACFF36D6E68}"
EndProject
Project("{FAE04EC0-301F-11D3-BF4B-00C04F79EFBC}") = "StreamReaderDemo", "StreamReaderDemo\StreamReaderDemo.csproj", "{AA50D075-430B-40DE-8F3F-DBF56EF6A740}"
EndProject
Global
	GlobalSection(SolutionConfigurationPlatforms) = preSolution
		Debug|Any CPU = Debug|Any CPU
		Release|Any CPU = Release|Any CPU
	EndGlobalSection
	GlobalSection(ProjectConfigurationPlatforms) = postSolution
		{89C5F1ED-3770-4D36-8119-DACFF36D6E68}.Debug|Any CPU.ActiveCfg = Debug|Any CPU
		{89C5F1ED-3770-4D36-8119-DACFF36D6E68}.Debug|Any CPU.Build.0 = Debug|Any CPU
		{89C5F1ED-3770-4D36-8119-DACFF36D6E68}.Release|Any CPU.ActiveCfg = Release|Any CPU
		{89C5F1ED-3770-4D36-8119-DACFF36D6E68}.Release|Any CPU.Build.0 = Release|Any CPU
		{AA50D075-430B-40DE-8F3F-DBF56EF6A740}.Debug|Any CPU.ActiveCfg = Debug|Any CPU
		{AA50D075-430B-40DE-8F3F-DBF56EF6A740}.Debug|Any CPU.Build.0 = Debug|Any CPU
		{AA50D075-430B-40DE-8F3F-DBF56EF6A740}.Release|Any CPU.ActiveCfg = Release|Any CPU
		{AA50D075-430B-40DE-8F3F-DBF56EF6A740}.Release|Any CPU.Build.0 = Release|Any CPU
	EndGlobalSection
	GlobalSection(SolutionProperties) = preSolution
		HideSolutionNode = FALSE
	EndGlobalSection
	GlobalSection(ExtensibilityGlobals) = postSolution
		SolutionGuid = {2853D22C-5D42-4ED6-832D-C73723435FFE}
	EndGlobalSection
EndGlobal
